// !$*UTF8*$!
{
	archiveVersion = 1;
	classes = {
	};
	objectVersion = 46;
	objects = {

/* Begin PBXBuildFile section */
		6F4C4F4B1AE3695C006E2B9C /* AppDelegate.m in Sources */ = {isa = PBXBuildFile; fileRef = 6F4C4F4A1AE3695C006E2B9C /* AppDelegate.m */; };
		6F4C4F4D1AE3695C006E2B9C /* main.m in Sources */ = {isa = PBXBuildFile; fileRef = 6F4C4F4C1AE3695C006E2B9C /* main.m */; };
		6F4C4F4F1AE3695C006E2B9C /* Images.xcassets in Resources */ = {isa = PBXBuildFile; fileRef = 6F4C4F4E1AE3695C006E2B9C /* Images.xcassets */; };
		6F4C4F521AE3695C006E2B9C /* MainMenu.xib in Resources */ = {isa = PBXBuildFile; fileRef = 6F4C4F501AE3695C006E2B9C /* MainMenu.xib */; };
		6F4C4F5E1AE3695C006E2B9C /* GifView_OCTests.m in Sources */ = {isa = PBXBuildFile; fileRef = 6F4C4F5D1AE3695C006E2B9C /* GifView_OCTests.m */; };
		6F4C4F691AE36972006E2B9C /* GifView.m in Sources */ = {isa = PBXBuildFile; fileRef = 6F4C4F681AE36972006E2B9C /* GifView.m */; };
/* End PBXBuildFile section */

/* Begin PBXContainerItemProxy section */
		6F4C4F581AE3695C006E2B9C /* PBXContainerItemProxy */ = {
			isa = PBXContainerItemProxy;
			containerPortal = 6F4C4F3C1AE3695C006E2B9C /* Project object */;
			proxyType = 1;
			remoteGlobalIDString = 6F4C4F431AE3695C006E2B9C;
			remoteInfo = GifView_OC;
		};
/* End PBXContainerItemProxy section */

/* Begin PBXFileReference section */
		6F4C4F441AE3695C006E2B9C /* GifView_OC.app */ = {isa = PBXFileReference; explicitFileType = wrapper.application; includeInIndex = 0; path = GifView_OC.app; sourceTree = BUILT_PRODUCTS_DIR; };
		6F4C4F481AE3695C006E2B9C /* Info.plist */ = {isa = PBXFileReference; lastKnownFileType = text.plist.xml; path = Info.plist; sourceTree = "<group>"; };
		6F4C4F491AE3695C006E2B9C /* AppDelegate.h */ = {isa = PBXFileReference; lastKnownFileType = sourcecode.c.h; path = AppDelegate.h; sourceTree = "<group>"; };
		6F4C4F4A1AE3695C006E2B9C /* AppDelegate.m */ = {isa = PBXFileReference; lastKnownFileType = sourcecode.c.objc; path = AppDelegate.m; sourceTree = "<group>"; };
		6F4C4F4C1AE3695C006E2B9C /* main.m */ = {isa = PBXFileReference; lastKnownFileType = sourcecode.c.objc; path = main.m; sourceTree = "<group>"; };
		6F4C4F4E1AE3695C006E2B9C /* Images.xcassets */ = {isa = PBXFileReference; lastKnownFileType = folder.assetcatalog; path = Images.xcassets; sourceTree = "<group>"; };
		6F4C4F511AE3695C006E2B9C /* Base */ = {isa = PBXFileReference; lastKnownFileType = file.xib; name = Base; path = Base.lproj/MainMenu.xib; sourceTree = "<group>"; };
		6F4C4F571AE3695C006E2B9C /* GifView_OCTests.xctest */ = {isa = PBXFileReference; explicitFileType = wrapper.cfbundle; includeInIndex = 0; path = GifView_OCTests.xctest; sourceTree = BUILT_PRODUCTS_DIR; };
		6F4C4F5C1AE3695C006E2B9C /* Info.plist */ = {isa = PBXFileReference; lastKnownFileType = text.plist.xml; path = Info.plist; sourceTree = "<group>"; };
		6F4C4F5D1AE3695C006E2B9C /* GifView_OCTests.m */ = {isa = PBXFileReference; lastKnownFileType = sourcecode.c.objc; path = GifView_OCTests.m; sourceTree = "<group>"; };
		6F4C4F671AE36972006E2B9C /* GifView.h */ = {isa = PBXFileReference; fileEncoding = 4; lastKnownFileType = sourcecode.c.h; path = GifView.h; sourceTree = "<group>"; };
		6F4C4F681AE36972006E2B9C /* GifView.m */ = {isa = PBXFileReference; fileEncoding = 4; lastKnownFileType = sourcecode.c.objc; path = GifView.m; sourceTree = "<group>"; };
/* End PBXFileReference section */

/* Begin PBXFrameworksBuildPhase section */
		6F4C4F411AE3695C006E2B9C /* Frameworks */ = {
			isa = PBXFrameworksBuildPhase;
			buildActionMask = 2147483647;
			files = (
			);
			runOnlyForDeploymentPostprocessing = 0;
		};
		6F4C4F541AE3695C006E2B9C /* Frameworks */ = {
			isa = PBXFrameworksBuildPhase;
			buildActionMask = 2147483647;
			files = (
			);
			runOnlyForDeploymentPostprocessing = 0;
		};
/* End PBXFrameworksBuildPhase section */

/* Begin PBXGroup section */
		6F4C4F3B1AE3695C006E2B9C = {
			isa = PBXGroup;
			children = (
				6F4C4F461AE3695C006E2B9C /* GifView_OC */,
				6F4C4F5A1AE3695C006E2B9C /* GifView_OCTests */,
				6F4C4F451AE3695C006E2B9C /* Products */,
			);
			sourceTree = "<group>";
		};
		6F4C4F451AE3695C006E2B9C /* Products */ = {
			isa = PBXGroup;
			children = (
				6F4C4F441AE3695C006E2B9C /* GifView_OC.app */,
				6F4C4F571AE3695C006E2B9C /* GifView_OCTests.xctest */,
			);
			name = Products;
			sourceTree = "<group>";
		};
		6F4C4F461AE3695C006E2B9C /* GifView_OC */ = {
			isa = PBXGroup;
			children = (
				6F4C4F671AE36972006E2B9C /* GifView.h */,
				6F4C4F681AE36972006E2B9C /* GifView.m */,
				6F4C4F491AE3695C006E2B9C /* AppDelegate.h */,
				6F4C4F4A1AE3695C006E2B9C /* AppDelegate.m */,
				6F4C4F4E1AE3695C006E2B9C /* Images.xcassets */,
				6F4C4F501AE3695C006E2B9C /* MainMenu.xib */,
				6F4C4F471AE3695C006E2B9C /* Supporting Files */,
			);
			path = GifView_OC;
			sourceTree = "<group>";
		};
		6F4C4F471AE3695C006E2B9C /* Supporting Files */ = {
			isa = PBXGroup;
			children = (
				6F4C4F481AE3695C006E2B9C /* Info.plist */,
				6F4C4F4C1AE3695C006E2B9C /* main.m */,
			);
			name = "Supporting Files";
			sourceTree = "<group>";
		};
		6F4C4F5A1AE3695C006E2B9C /* GifView_OCTests */ = {
			isa = PBXGroup;
			children = (
				6F4C4F5D1AE3695C006E2B9C /* GifView_OCTests.m */,
				6F4C4F5B1AE3695C006E2B9C /* Supporting Files */,
			);
			path = GifView_OCTests;
			sourceTree = "<group>";
		};
		6F4C4F5B1AE3695C006E2B9C /* Supporting Files */ = {
			isa = PBXGroup;
			children = (
				6F4C4F5C1AE3695C006E2B9C /* Info.plist */,
			);
			name = "Supporting Files";
			sourceTree = "<group>";
		};
/* End PBXGroup section */

/* Begin PBXNativeTarget section */
		6F4C4F431AE3695C006E2B9C /* GifView_OC */ = {
			isa = PBXNativeTarget;
			buildConfigurationList = 6F4C4F611AE3695C006E2B9C /* Build configuration list for PBXNativeTarget "GifView_OC" */;
			buildPhases = (
				6F4C4F401AE3695C006E2B9C /* Sources */,
				6F4C4F411AE3695C006E2B9C /* Frameworks */,
				6F4C4F421AE3695C006E2B9C /* Resources */,
			);
			buildRules = (
			);
			dependencies = (
			);
			name = GifView_OC;
			productName = GifView_OC;
			productReference = 6F4C4F441AE3695C006E2B9C /* GifView_OC.app */;
			productType = "com.apple.product-type.application";
		};
		6F4C4F561AE3695C006E2B9C /* GifView_OCTests */ = {
			isa = PBXNativeTarget;
			buildConfigurationList = 6F4C4F641AE3695C006E2B9C /* Build configuration list for PBXNativeTarget "GifView_OCTests" */;
			buildPhases = (
				6F4C4F531AE3695C006E2B9C /* Sources */,
				6F4C4F541AE3695C006E2B9C /* Frameworks */,
				6F4C4F551AE3695C006E2B9C /* Resources */,
			);
			buildRules = (
			);
			dependencies = (
				6F4C4F591AE3695C006E2B9C /* PBXTargetDependency */,
			);
			name = GifView_OCTests;
			productName = GifView_OCTests;
			productReference = 6F4C4F571AE3695C006E2B9C /* GifView_OCTests.xctest */;
			productType = "com.apple.product-type.bundle.unit-test";
		};
/* End PBXNativeTarget section */

/* Begin PBXProject section */
		6F4C4F3C1AE3695C006E2B9C /* Project object */ = {
			isa = PBXProject;
			attributes = {
				LastUpgradeCheck = 0630;
				ORGANIZATIONNAME = SkyNullCOde;
				TargetAttributes = {
					6F4C4F431AE3695C006E2B9C = {
						CreatedOnToolsVersion = 6.3;
					};
					6F4C4F561AE3695C006E2B9C = {
						CreatedOnToolsVersion = 6.3;
						TestTargetID = 6F4C4F431AE3695C006E2B9C;
					};
				};
			};
			buildConfigurationList = 6F4C4F3F1AE3695C006E2B9C /* Build configuration list for PBXProject "GifView_OC" */;
			compatibilityVersion = "Xcode 3.2";
			developmentRegion = English;
			hasScannedForEncodings = 0;
			knownRegions = (
				en,
				Base,
			);
			mainGroup = 6F4C4F3B1AE3695C006E2B9C;
			productRefGroup = 6F4C4F451AE3695C006E2B9C /* Products */;
			projectDirPath = "";
			projectRoot = "";
			targets = (
				6F4C4F431AE3695C006E2B9C /* GifView_OC */,
				6F4C4F561AE3695C006E2B9C /* GifView_OCTests */,
			);
		};
/* End PBXProject section */

/* Begin PBXResourcesBuildPhase section */
		6F4C4F421AE3695C006E2B9C /* Resources */ = {
			isa = PBXResourcesBuildPhase;
			buildActionMask = 2147483647;
			files = (
				6F4C4F4F1AE3695C006E2B9C /* Images.xcassets in Resources */,
				6F4C4F521AE3695C006E2B9C /* MainMenu.xib in Resources */,
			);
			runOnlyForDeploymentPostprocessing = 0;
		};
		6F4C4F551AE3695C006E2B9C /* Resources */ = {
			isa = PBXResourcesBuildPhase;
			buildActionMask = 2147483647;
			files = (
			);
			runOnlyForDeploymentPostprocessing = 0;
		};
/* End PBXResourcesBuildPhase section */

/* Begin PBXSourcesBuildPhase section */
		6F4C4F401AE3695C006E2B9C /* Sources */ = {
			isa = PBXSourcesBuildPhase;
			buildActionMask = 2147483647;
			files = (
				6F4C4F4D1AE3695C006E2B9C /* main.m in Sources */,
				6F4C4F4B1AE3695C006E2B9C /* AppDelegate.m in Sources */,
				6F4C4F691AE36972006E2B9C /* GifView.m in Sources */,
			);
			runOnlyForDeploymentPostprocessing = 0;
		};
		6F4C4F531AE3695C006E2B9C /* Sources */ = {
			isa = PBXSourcesBuildPhase;
			buildActionMask = 2147483647;
			files = (
				6F4C4F5E1AE3695C006E2B9C /* GifView_OCTests.m in Sources */,
			);
			runOnlyForDeploymentPostprocessing = 0;
		};
/* End PBXSourcesBuildPhase section */

/* Begin PBXTargetDependency section */
		6F4C4F591AE3695C006E2B9C /* PBXTargetDependency */ = {
			isa = PBXTargetDependency;
			target = 6F4C4F431AE3695C006E2B9C /* GifView_OC */;
			targetProxy = 6F4C4F581AE3695C006E2B9C /* PBXContainerItemProxy */;
		};
/* End PBXTargetDependency section */

/* Begin PBXVariantGroup section */
		6F4C4F501AE3695C006E2B9C /* MainMenu.xib */ = {
			isa = PBXVariantGroup;
			children = (
				6F4C4F511AE3695C006E2B9C /* Base */,
			);
			name = MainMenu.xib;
			sourceTree = "<group>";
		};
/* End PBXVariantGroup section */

/* Begin XCBuildConfiguration section */
		6F4C4F5F1AE3695C006E2B9C /* Debug */ = {
			isa = XCBuildConfiguration;
			buildSettings = {
				ALWAYS_SEARCH_USER_PATHS = NO;
				CLANG_CXX_LANGUAGE_STANDARD = "gnu++0x";
				CLANG_CXX_LIBRARY = "libc++";
				CLANG_ENABLE_MODULES = YES;
				CLANG_ENABLE_OBJC_ARC = YES;
				CLANG_WARN_BOOL_CONVERSION = YES;
				CLANG_WARN_CONSTANT_CONVERSION = YES;
				CLANG_WARN_DIRECT_OBJC_ISA_USAGE = YES_ERROR;
				CLANG_WARN_EMPTY_BODY = YES;
				CLANG_WARN_ENUM_CONVERSION = YES;
				CLANG_WARN_INT_CONVERSION = YES;
				CLANG_WARN_OBJC_ROOT_CLASS = YES_ERROR;
				CLANG_WARN_UNREACHABLE_CODE = YES;
				CLANG_WARN__DUPLICATE_METHOD_MATCH = YES;
				CODE_SIGN_IDENTITY = "-";
				COPY_PHASE_STRIP = NO;
				DEBUG_INFORMATION_FORMAT = dwarf;
				ENABLE_STRICT_OBJC_MSGSEND = YES;
				GCC_C_LANGUAGE_STANDARD = gnu99;
				GCC_DYNAMIC_NO_PIC = NO;
				GCC_NO_COMMON_BLOCKS = YES;
				GCC_OPTIMIZATION_LEVEL = 0;
				GCC_PREPROCESSOR_DEFINITIONS = (
					"DEBUG=1",
					"$(inherited)",
				);
				GCC_SYMBOLS_PRIVATE_EXTERN = NO;
				GCC_WARN_64_TO_32_BIT_CONVERSION = YES;
				GCC_WARN_ABOUT_RETURN_TYPE = YES_ERROR;
				GCC_WARN_UNDECLARED_SELECTOR = YES;
				GCC_WARN_UNINITIALIZED_AUTOS = YES_AGGRESSIVE;
				GCC_WARN_UNUSED_FUNCTION = YES;
				GCC_WARN_UNUSED_VARIABLE = YES;
				MACOSX_DEPLOYMENT_TARGET = 10.10;
				MTL_ENABLE_DEBUG_INFO = YES;
				ONLY_ACTIVE_ARCH = YES;
				SDKROOT = macosx;
			};
			name = Debug;
		};
		6F4C4F601AE3695C006E2B9C /* Release */ = {
			isa = XCBuildConfiguration;
			buildSettings = {
				ALWAYS_SEARCH_USER_PATHS = NO;
				CLANG_CXX_LANGUAGE_STANDARD = "gnu++0x";
				CLANG_CXX_LIBRARY = "libc++";
				CLANG_ENABLE_MODULES = YES;
				CLANG_ENABLE_OBJC_ARC = YES;
				CLANG_WARN_BOOL_CONVERSION = YES;
				CLANG_WARN_CONSTANT_CONVERSION = YES;
				CLANG_WARN_DIRECT_OBJC_ISA_USAGE = YES_ERROR;
				CLANG_WARN_EMPTY_BODY = YES;
				CLANG_WARN_ENUM_CONVERSION = YES;
				CLANG_WARN_INT_CONVERSION = YES;
				CLANG_WARN_OBJC_ROOT_CLASS = YES_ERROR;
				CLANG_WARN_UNREACHABLE_CODE = YES;
				CLANG_WARN__DUPLICATE_METHOD_MATCH = YES;
				CODE_SIGN_IDENTITY = "-";
				COPY_PHASE_STRIP = NO;
				DEBUG_INFORMATION_FORMAT = "dwarf-with-dsym";
				ENABLE_NS_ASSERTIONS = NO;
				ENABLE_STRICT_OBJC_MSGSEND = YES;
				GCC_C_LANGUAGE_STANDARD = gnu99;
				GCC_NO_COMMON_BLOCKS = YES;
				GCC_WARN_64_TO_32_BIT_CONVERSION = YES;
				GCC_WARN_ABOUT_RETURN_TYPE = YES_ERROR;
				GCC_WARN_UNDECLARED_SELECTOR = YES;
				GCC_WARN_UNINITIALIZED_AUTOS = YES_AGGRESSIVE;
				GCC_WARN_UNUSED_FUNCTION = YES;
				GCC_WARN_UNUSED_VARIABLE = YES;
				MACOSX_DEPLOYMENT_TARGET = 10.10;
				MTL_ENABLE_DEBUG_INFO = NO;
				SDKROOT = macosx;
			};
			name = Release;
		};
		6F4C4F621AE3695C006E2B9C /* Debug */ = {
			isa = XCBuildConfiguration;
			buildSettings = {
				ASSETCATALOG_COMPILER_APPICON_NAME = AppIcon;
				COMBINE_HIDPI_IMAGES = YES;
				INFOPLIST_FILE = GifView_OC/Info.plist;
				LD_RUNPATH_SEARCH_PATHS = "$(inherited) @executable_path/../Frameworks";
				PRODUCT_NAME = "$(TARGET_NAME)";
			};
			name = Debug;
		};
		6F4C4F631AE3695C006E2B9C /* Release */ = {
			isa = XCBuildConfiguration;
			buildSettings = {
				ASSETCATALOG_COMPILER_APPICON_NAME = AppIcon;
				COMBINE_HIDPI_IMAGES = YES;
				INFOPLIST_FILE = GifView_OC/Info.plist;
				LD_RUNPATH_SEARCH_PATHS = "$(inherited) @executable_path/../Frameworks";
				PRODUCT_NAME = "$(TARGET_NAME)";
			};
			name = Release;
		};
		6F4C4F651AE3695C006E2B9C /* Debug */ = {
			isa = XCBuildConfiguration;
			buildSettings = {
				BUNDLE_LOADER = "$(TEST_HOST)";
				COMBINE_HIDPI_IMAGES = YES;
				FRAMEWORK_SEARCH_PATHS = (
					"$(DEVELOPER_FRAMEWORKS_DIR)",
					"$(inherited)",
				);
				GCC_PREPROCESSOR_DEFINITIONS = (
					"DEBUG=1",
					"$(inherited)",
				);
				INFOPLIST_FILE = GifView_OCTests/Info.plist;
				LD_RUNPATH_SEARCH_PATHS = "$(inherited) @executable_path/../Frameworks @loader_path/../Frameworks";
				PRODUCT_NAME = "$(TARGET_NAME)";
				TEST_HOST = "$(BUILT_PRODUCTS_DIR)/GifView_OC.app/Contents/MacOS/GifView_OC";
			};
			name = Debug;
		};
		6F4C4F661AE3695C006E2B9C /* Release */ = {
			isa = XCBuildConfiguration;
			buildSettings = {
				BUNDLE_LOADER = "$(TEST_HOST)";
				COMBINE_HIDPI_IMAGES = YES;
				FRAMEWORK_SEARCH_PATHS = (
					"$(DEVELOPER_FRAMEWORKS_DIR)",
					"$(inherited)",
				);
				INFOPLIST_FILE = GifView_OCTests/Info.plist;
				LD_RUNPATH_SEARCH_PATHS = "$(inherited) @executable_path/../Frameworks @loader_path/../Frameworks";
				PRODUCT_NAME = "$(TARGET_NAME)";
				TEST_HOST = "$(BUILT_PRODUCTS_DIR)/GifView_OC.app/Contents/MacOS/GifView_OC";
			};
			name = Release;
		};
/* End XCBuildConfiguration section */

/* Begin XCConfigurationList section */
		6F4C4F3F1AE3695C006E2B9C /* Build configuration list for PBXProject "GifView_OC" */ = {
			isa = XCConfigurationList;
			buildConfigurations = (
				6F4C4F5F1AE3695C006E2B9C /* Debug */,
				6F4C4F601AE3695C006E2B9C /* Release */,
			);
			defaultConfigurationIsVisible = 0;
			defaultConfigurationName = Release;
		};
		6F4C4F611AE3695C006E2B9C /* Build configuration list for PBXNativeTarget "GifView_OC" */ = {
			isa = XCConfigurationList;
			buildConfigurations = (
				6F4C4F621AE3695C006E2B9C /* Debug */,
				6F4C4F631AE3695C006E2B9C /* Release */,
			);
			defaultConfigurationIsVisible = 0;
		};
		6F4C4F641AE3695C006E2B9C /* Build configuration list for PBXNativeTarget "GifView_OCTests" */ = {
			isa = XCConfigurationList;
			buildConfigurations = (
				6F4C4F651AE3695C006E2B9C /* Debug */,
				6F4C4F661AE3695C006E2B9C /* Release */,
			);
			defaultConfigurationIsVisible = 0;
		};
/* End XCConfigurationList section */
	};
	rootObject = 6F4C4F3C1AE3695C006E2B9C /* Project object */;
}
